
Microsoft Visual Studio Solution File, Format Version 12.00
# Visual Studio Version 17
VisualStudioVersion = 17.8.34330.188
MinimumVisualStudioVersion = 10.0.40219.1
Project("{FAE04EC0-301F-11D3-BF4B-00C04F79EFBC}") = "BlazorBugRepro", "BlazorBugRepro.csproj", "{36974C2D-43D2-4F15-8336-5F6488B57CFA}"
EndProject
Global
	GlobalSection(SolutionConfigurationPlatforms) = preSolution
		Debug|Any CPU = Debug|Any CPU
		Release|Any CPU = Release|Any CPU
	EndGlobalSection
	GlobalSection(ProjectConfigurationPlatforms) = postSolution
		{36974C2D-43D2-4F15-8336-5F6488B57CFA}.Debug|Any CPU.ActiveCfg = Debug|Any CPU
		{36974C2D-43D2-4F15-8336-5F6488B57CFA}.Debug|Any CPU.Build.0 = Debug|Any CPU
		{36974C2D-43D2-4F15-8336-5F6488B57CFA}.Release|Any CPU.ActiveCfg = Release|Any CPU
		{36974C2D-43D2-4F15-8336-5F6488B57CFA}.Release|Any CPU.Build.0 = Release|Any CPU
	EndGlobalSection
	GlobalSection(SolutionProperties) = preSolution
		HideSolutionNode = FALSE
	EndGlobalSection
	GlobalSection(ExtensibilityGlobals) = postSolution
		SolutionGuid = {FCBCBD59-1B7C-405E-BA13-48F52AAC8A27}
	EndGlobalSection
EndGlobal
